
Microsoft Visual Studio Solution File, Format Version 12.00
# Visual Studio Version 17
VisualStudioVersion = 17.9.34622.214
MinimumVisualStudioVersion = 10.0.40219.1
Project("{8BC9CEB8-8B4A-11D0-8D11-00A0C91BC942}") = "model1", "model1\model1.vcxproj", "{184E302D-13F4-4DB9-A968-3AF002CD236D}"
EndProject
Project("{8BC9CEB8-8B4A-11D0-8D11-00A0C91BC942}") = "model2", "model2\model2.vcxproj", "{578E1B31-6E41-4330-9620-0385212ECFD6}"
EndProject
Project("{8BC9CEB8-8B4A-11D0-8D11-00A0C91BC942}") = "IOCP", "IOCP\IOCP.vcxproj", "{FCFF1ABD-4330-4A1E-AE4D-92FA4266528A}"
EndProject
Project("{8BC9CEB8-8B4A-11D0-8D11-00A0C91BC942}") = "IOCP_procademy", "IOCP_procademy\IOCP_procademy.vcxproj", "{E1A9467A-616D-4FB6-8EB6-98240EE6FCA2}"
EndProject
Global
	GlobalSection(SolutionConfigurationPlatforms) = preSolution
		Debug|x64 = Debug|x64
		Debug|x86 = Debug|x86
		Release|x64 = Release|x64
		Release|x86 = Release|x86
	EndGlobalSection
	GlobalSection(ProjectConfigurationPlatforms) = postSolution
		{184E302D-13F4-4DB9-A968-3AF002CD236D}.Debug|x64.ActiveCfg = Debug|x64
		{184E302D-13F4-4DB9-A968-3AF002CD236D}.Debug|x64.Build.0 = Debug|x64
		{184E302D-13F4-4DB9-A968-3AF002CD236D}.Debug|x86.ActiveCfg = Debug|Win32
		{184E302D-13F4-4DB9-A968-3AF002CD236D}.Debug|x86.Build.0 = Debug|Win32
		{184E302D-13F4-4DB9-A968-3AF002CD236D}.Release|x64.ActiveCfg = Release|x64
		{184E302D-13F4-4DB9-A968-3AF002CD236D}.Release|x64.Build.0 = Release|x64
		{184E302D-13F4-4DB9-A968-3AF002CD236D}.Release|x86.ActiveCfg = Release|Win32
		{184E302D-13F4-4DB9-A968-3AF002CD236D}.Release|x86.Build.0 = Release|Win32
		{578E1B31-6E41-4330-9620-0385212ECFD6}.Debug|x64.ActiveCfg = Debug|x64
		{578E1B31-6E41-4330-9620-0385212ECFD6}.Debug|x64.Build.0 = Debug|x64
		{578E1B31-6E41-4330-9620-0385212ECFD6}.Debug|x86.ActiveCfg = Debug|Win32
		{578E1B31-6E41-4330-9620-0385212ECFD6}.Debug|x86.Build.0 = Debug|Win32
		{578E1B31-6E41-4330-9620-0385212ECFD6}.Release|x64.ActiveCfg = Release|x64
		{578E1B31-6E41-4330-9620-0385212ECFD6}.Release|x64.Build.0 = Release|x64
		{578E1B31-6E41-4330-9620-0385212ECFD6}.Release|x86.ActiveCfg = Release|Win32
		{578E1B31-6E41-4330-9620-0385212ECFD6}.Release|x86.Build.0 = Release|Win32
		{FCFF1ABD-4330-4A1E-AE4D-92FA4266528A}.Debug|x64.ActiveCfg = Debug|x64
		{FCFF1ABD-4330-4A1E-AE4D-92FA4266528A}.Debug|x64.Build.0 = Debug|x64
		{FCFF1ABD-4330-4A1E-AE4D-92FA4266528A}.Debug|x86.ActiveCfg = Debug|Win32
		{FCFF1ABD-4330-4A1E-AE4D-92FA4266528A}.Debug|x86.Build.0 = Debug|Win32
		{FCFF1ABD-4330-4A1E-AE4D-92FA4266528A}.Release|x64.ActiveCfg = Release|x64
		{FCFF1ABD-4330-4A1E-AE4D-92FA4266528A}.Release|x64.Build.0 = Release|x64
		{FCFF1ABD-4330-4A1E-AE4D-92FA4266528A}.Release|x86.ActiveCfg = Release|Win32
		{FCFF1ABD-4330-4A1E-AE4D-92FA4266528A}.Release|x86.Build.0 = Release|Win32
		{E1A9467A-616D-4FB6-8EB6-98240EE6FCA2}.Debug|x64.ActiveCfg = Debug|x64
		{E1A9467A-616D-4FB6-8EB6-98240EE6FCA2}.Debug|x64.Build.0 = Debug|x64
		{E1A9467A-616D-4FB6-8EB6-98240EE6FCA2}.Debug|x86.ActiveCfg = Debug|Win32
		{E1A9467A-616D-4FB6-8EB6-98240EE6FCA2}.Debug|x86.Build.0 = Debug|Win32
		{E1A9467A-616D-4FB6-8EB6-98240EE6FCA2}.Release|x64.ActiveCfg = Release|x64
		{E1A9467A-616D-4FB6-8EB6-98240EE6FCA2}.Release|x64.Build.0 = Release|x64
		{E1A9467A-616D-4FB6-8EB6-98240EE6FCA2}.Release|x86.ActiveCfg = Release|Win32
		{E1A9467A-616D-4FB6-8EB6-98240EE6FCA2}.Release|x86.Build.0 = Release|Win32
	EndGlobalSection
	GlobalSection(SolutionProperties) = preSolution
		HideSolutionNode = FALSE
	EndGlobalSection
	GlobalSection(ExtensibilityGlobals) = postSolution
		SolutionGuid = {67905061-B593-4CFD-9B69-DA02EDBD5B2A}
	EndGlobalSection
EndGlobal
